
Microsoft Visual Studio Solution File, Format Version 12.00
# Visual Studio 2012
Project("{FAE04EC0-301F-11D3-BF4B-00C04F79EFBC}") = "Tesis_02", "Game1\Game1\Tesis_02.csproj", "{8BE77298-FCC2-4A8D-8E71-D283B42A6B14}"
EndProject
Project("{96E2B04D-8817-42C6-938A-82C39BA4D311}") = "Tesis_02Content", "Game1\Game1Content\Tesis_02Content.contentproj", "{5292DE03-8984-4415-A192-0035FECDFDCE}"
EndProject
Project("{2150E333-8FDC-42A3-9474-1A3956D46DE8}") = "Capa_Juego", "Capa_Juego", "{E90ED283-6E54-4E4A-8FC6-DCF9C00B8A41}"
EndProject
Project("{2150E333-8FDC-42A3-9474-1A3956D46DE8}") = "Capa_Modelo", "Capa_Modelo", "{6CEFDA13-73B6-49DC-8202-A3AE1E8BAF79}"
EndProject
Project("{2150E333-8FDC-42A3-9474-1A3956D46DE8}") = "Capa_Presentacion", "Capa_Presentacion", "{96365294-885A-4CC0-8AC2-5B2716DFDFD0}"
EndProject
Global
	GlobalSection(SolutionConfigurationPlatforms) = preSolution
		Debug|Any CPU = Debug|Any CPU
		Debug|Mixed Platforms = Debug|Mixed Platforms
		Debug|x86 = Debug|x86
		Release|Any CPU = Release|Any CPU
		Release|Mixed Platforms = Release|Mixed Platforms
		Release|x86 = Release|x86
	EndGlobalSection
	GlobalSection(ProjectConfigurationPlatforms) = postSolution
		{8BE77298-FCC2-4A8D-8E71-D283B42A6B14}.Debug|Any CPU.ActiveCfg = Debug|x86
		{8BE77298-FCC2-4A8D-8E71-D283B42A6B14}.Debug|Mixed Platforms.ActiveCfg = Debug|x86
		{8BE77298-FCC2-4A8D-8E71-D283B42A6B14}.Debug|Mixed Platforms.Build.0 = Debug|x86
		{8BE77298-FCC2-4A8D-8E71-D283B42A6B14}.Debug|x86.ActiveCfg = Debug|x86
		{8BE77298-FCC2-4A8D-8E71-D283B42A6B14}.Debug|x86.Build.0 = Debug|x86
		{8BE77298-FCC2-4A8D-8E71-D283B42A6B14}.Release|Any CPU.ActiveCfg = Release|x86
		{8BE77298-FCC2-4A8D-8E71-D283B42A6B14}.Release|Mixed Platforms.ActiveCfg = Release|x86
		{8BE77298-FCC2-4A8D-8E71-D283B42A6B14}.Release|Mixed Platforms.Build.0 = Release|x86
		{8BE77298-FCC2-4A8D-8E71-D283B42A6B14}.Release|x86.ActiveCfg = Release|x86
		{8BE77298-FCC2-4A8D-8E71-D283B42A6B14}.Release|x86.Build.0 = Release|x86
		{5292DE03-8984-4415-A192-0035FECDFDCE}.Debug|Any CPU.ActiveCfg = Debug|x86
		{5292DE03-8984-4415-A192-0035FECDFDCE}.Debug|Mixed Platforms.ActiveCfg = Debug|x86
		{5292DE03-8984-4415-A192-0035FECDFDCE}.Debug|x86.ActiveCfg = Debug|x86
		{5292DE03-8984-4415-A192-0035FECDFDCE}.Release|Any CPU.ActiveCfg = Release|x86
		{5292DE03-8984-4415-A192-0035FECDFDCE}.Release|Mixed Platforms.ActiveCfg = Release|x86
		{5292DE03-8984-4415-A192-0035FECDFDCE}.Release|x86.ActiveCfg = Release|x86
	EndGlobalSection
	GlobalSection(SolutionProperties) = preSolution
		HideSolutionNode = FALSE
	EndGlobalSection
	GlobalSection(NestedProjects) = preSolution
		{8BE77298-FCC2-4A8D-8E71-D283B42A6B14} = {E90ED283-6E54-4E4A-8FC6-DCF9C00B8A41}
		{5292DE03-8984-4415-A192-0035FECDFDCE} = {E90ED283-6E54-4E4A-8FC6-DCF9C00B8A41}
	EndGlobalSection
EndGlobal
